
Microsoft Visual Studio Solution File, Format Version 12.00
# Visual Studio 15
Project("{FAE04EC0-301F-11D3-BF4B-00C04F79EFBC}") = "VRM10.Tests", "VRM10.Tests.csproj", "{C9495A49-8CCA-F8E8-EC3E-861A3F9600D0}"
EndProject
Project("{FAE04EC0-301F-11D3-BF4B-00C04F79EFBC}") = "VRMShaders.VRM10.MToon10.Runtime", "VRMShaders.VRM10.MToon10.Runtime.csproj", "{D71A125C-07EE-74A7-86FE-DE4DBCBF922F}"
EndProject
Project("{FAE04EC0-301F-11D3-BF4B-00C04F79EFBC}") = "UniHumanoid", "UniHumanoid.csproj", "{8CB40DDC-8646-F171-B4A4-85BA74BF06FF}"
EndProject
Project("{FAE04EC0-301F-11D3-BF4B-00C04F79EFBC}") = "VRMShaders.GLTF.IO.Runtime", "VRMShaders.GLTF.IO.Runtime.csproj", "{75809AE0-2C52-AAB1-BB41-EDC2397B9D19}"
EndProject
Project("{FAE04EC0-301F-11D3-BF4B-00C04F79EFBC}") = "VRM10.Editor", "VRM10.Editor.csproj", "{743DCDC3-4636-1FE8-2115-D264B2613E4A}"
EndProject
Project("{FAE04EC0-301F-11D3-BF4B-00C04F79EFBC}") = "UniGLTF", "UniGLTF.csproj", "{4C7FA84C-C6AF-99D3-ACE7-986A9D28B722}"
EndProject
Project("{FAE04EC0-301F-11D3-BF4B-00C04F79EFBC}") = "VRM", "VRM.csproj", "{0B9F3831-ABD8-6D00-CDD2-02B79DF97D9D}"
EndProject
Project("{FAE04EC0-301F-11D3-BF4B-00C04F79EFBC}") = "FastSpringBone", "FastSpringBone.csproj", "{BA918ABB-4CF7-D502-47F1-35A42ACE3AFC}"
EndProject
Project("{FAE04EC0-301F-11D3-BF4B-00C04F79EFBC}") = "VRM10", "VRM10.csproj", "{2B0FBF43-9402-B4EB-4B86-FC75D76B4ACE}"
EndProject
Project("{FAE04EC0-301F-11D3-BF4B-00C04F79EFBC}") = "VRMShaders.GLTF.UniUnlit.Editor", "VRMShaders.GLTF.UniUnlit.Editor.csproj", "{335D8299-B507-28D4-2D97-29F203E0CCCE}"
EndProject
Project("{FAE04EC0-301F-11D3-BF4B-00C04F79EFBC}") = "UniGLTF.Tests", "UniGLTF.Tests.csproj", "{05731E45-C286-B1D8-E0CA-09B7398BE015}"
EndProject
Project("{FAE04EC0-301F-11D3-BF4B-00C04F79EFBC}") = "UniGLTF.Editor", "UniGLTF.Editor.csproj", "{43F10FDC-7FBB-37C8-5DDD-F42D2F1520F3}"
EndProject
Project("{FAE04EC0-301F-11D3-BF4B-00C04F79EFBC}") = "VRMShaders.GLTF.IO.Editor", "VRMShaders.GLTF.IO.Editor.csproj", "{414E3A6A-3F2A-5682-CDF3-33AD5812D6B5}"
EndProject
Project("{FAE04EC0-301F-11D3-BF4B-00C04F79EFBC}") = "FastSpringBone10", "FastSpringBone10.csproj", "{6756F257-4D05-EEDC-1047-A178B37A8F70}"
EndProject
Project("{FAE04EC0-301F-11D3-BF4B-00C04F79EFBC}") = "UniVRM.Editor", "UniVRM.Editor.csproj", "{87A32A58-051B-7338-0A8C-3CEFF1F94E4E}"
EndProject
Project("{FAE04EC0-301F-11D3-BF4B-00C04F79EFBC}") = "VRMShaders.GLTF.IO.Tests", "VRMShaders.GLTF.IO.Tests.csproj", "{FEADEFC7-A55A-6859-8242-108502EA3786}"
EndProject
Project("{FAE04EC0-301F-11D3-BF4B-00C04F79EFBC}") = "VRM.Tests", "VRM.Tests.csproj", "{0DEF891F-EB10-4C81-A56B-AF954B9B3A96}"
EndProject
Project("{FAE04EC0-301F-11D3-BF4B-00C04F79EFBC}") = "VrmLib", "VrmLib.csproj", "{F48F0701-E9EC-EB0C-CB87-9C86A9BE75E1}"
EndProject
Project("{FAE04EC0-301F-11D3-BF4B-00C04F79EFBC}") = "UniHumanoid.Editor", "UniHumanoid.Editor.csproj", "{31FD7380-FF72-284C-EF7C-49912130A578}"
EndProject
Project("{FAE04EC0-301F-11D3-BF4B-00C04F79EFBC}") = "MToon", "MToon.csproj", "{96151770-8220-2DBD-1361-44734CBA17E4}"
EndProject
Project("{FAE04EC0-301F-11D3-BF4B-00C04F79EFBC}") = "VRM.Samples.Editor.Tests", "VRM.Samples.Editor.Tests.csproj", "{49D62A57-577A-8134-E092-920093643DE0}"
EndProject
Project("{FAE04EC0-301F-11D3-BF4B-00C04F79EFBC}") = "VrmLibTests", "VrmLibTests.csproj", "{FF8A55EF-1339-8317-2CF7-267B00AC0D4F}"
EndProject
Project("{FAE04EC0-301F-11D3-BF4B-00C04F79EFBC}") = "MToon.Editor", "MToon.Editor.csproj", "{FFD2C847-7528-BFEB-0323-C652D6D4EBA9}"
EndProject
Project("{FAE04EC0-301F-11D3-BF4B-00C04F79EFBC}") = "VRMShaders.VRM10.MToon10.Editor", "VRMShaders.VRM10.MToon10.Editor.csproj", "{92CFF85E-D9A8-9787-B421-CC90DE987A61}"
EndProject
Project("{FAE04EC0-301F-11D3-BF4B-00C04F79EFBC}") = "UniHumanoid.Editor.Tests", "UniHumanoid.Editor.Tests.csproj", "{D43EB72B-4087-0F63-7F75-DC029D696415}"
EndProject
Project("{FAE04EC0-301F-11D3-BF4B-00C04F79EFBC}") = "Assembly-CSharp", "Assembly-CSharp.csproj", "{DAF3BCB7-F236-1F26-87AF-A332B84B5F9F}"
EndProject
Project("{FAE04EC0-301F-11D3-BF4B-00C04F79EFBC}") = "UniGLTF.Utils", "UniGLTF.Utils.csproj", "{CDF4D7FF-47F4-B34D-239D-D500B7BD2718}"
EndProject
Project("{FAE04EC0-301F-11D3-BF4B-00C04F79EFBC}") = "VRMShaders.VRM.IO.Runtime", "VRMShaders.VRM.IO.Runtime.csproj", "{31FE67FA-D8E1-65EB-77BD-5A72893F4991}"
EndProject
Project("{FAE04EC0-301F-11D3-BF4B-00C04F79EFBC}") = "VRMShaders.VRM10.Format.Runtime", "VRMShaders.VRM10.Format.Runtime.csproj", "{0FD14DD3-0CCA-1314-2B7E-D1DBFCED7C73}"
EndProject
Project("{FAE04EC0-301F-11D3-BF4B-00C04F79EFBC}") = "VRMShaders.VRM10.MToon10.Tests", "VRMShaders.VRM10.MToon10.Tests.csproj", "{D39E55FE-27A0-C2C9-EEBE-40DC6BDB4E80}"
EndProject
Project("{FAE04EC0-301F-11D3-BF4B-00C04F79EFBC}") = "VRMShaders.GLTF.UniUnlit.Runtime", "VRMShaders.GLTF.UniUnlit.Runtime.csproj", "{1224CB02-D4C4-E95D-206F-22AF964E3F22}"
EndProject
Global
	GlobalSection(SolutionConfigurationPlatforms) = preSolution
		Debug|Any CPU = Debug|Any CPU
		Release|Any CPU = Release|Any CPU
	EndGlobalSection
	GlobalSection(ProjectConfigurationPlatforms) = postSolution
		{C9495A49-8CCA-F8E8-EC3E-861A3F9600D0}.Debug|Any CPU.ActiveCfg = Debug|Any CPU
		{C9495A49-8CCA-F8E8-EC3E-861A3F9600D0}.Debug|Any CPU.Build.0 = Debug|Any CPU
		{C9495A49-8CCA-F8E8-EC3E-861A3F9600D0}.Release|Any CPU.ActiveCfg = Release|Any CPU
		{C9495A49-8CCA-F8E8-EC3E-861A3F9600D0}.Release|Any CPU.Build.0 = Release|Any CPU
		{D71A125C-07EE-74A7-86FE-DE4DBCBF922F}.Debug|Any CPU.ActiveCfg = Debug|Any CPU
		{D71A125C-07EE-74A7-86FE-DE4DBCBF922F}.Debug|Any CPU.Build.0 = Debug|Any CPU
		{D71A125C-07EE-74A7-86FE-DE4DBCBF922F}.Release|Any CPU.ActiveCfg = Release|Any CPU
		{D71A125C-07EE-74A7-86FE-DE4DBCBF922F}.Release|Any CPU.Build.0 = Release|Any CPU
		{8CB40DDC-8646-F171-B4A4-85BA74BF06FF}.Debug|Any CPU.ActiveCfg = Debug|Any CPU
		{8CB40DDC-8646-F171-B4A4-85BA74BF06FF}.Debug|Any CPU.Build.0 = Debug|Any CPU
		{8CB40DDC-8646-F171-B4A4-85BA74BF06FF}.Release|Any CPU.ActiveCfg = Release|Any CPU
		{8CB40DDC-8646-F171-B4A4-85BA74BF06FF}.Release|Any CPU.Build.0 = Release|Any CPU
		{75809AE0-2C52-AAB1-BB41-EDC2397B9D19}.Debug|Any CPU.ActiveCfg = Debug|Any CPU
		{75809AE0-2C52-AAB1-BB41-EDC2397B9D19}.Debug|Any CPU.Build.0 = Debug|Any CPU
		{75809AE0-2C52-AAB1-BB41-EDC2397B9D19}.Release|Any CPU.ActiveCfg = Release|Any CPU
		{75809AE0-2C52-AAB1-BB41-EDC2397B9D19}.Release|Any CPU.Build.0 = Release|Any CPU
		{743DCDC3-4636-1FE8-2115-D264B2613E4A}.Debug|Any CPU.ActiveCfg = Debug|Any CPU
		{743DCDC3-4636-1FE8-2115-D264B2613E4A}.Debug|Any CPU.Build.0 = Debug|Any CPU
		{743DCDC3-4636-1FE8-2115-D264B2613E4A}.Release|Any CPU.ActiveCfg = Release|Any CPU
		{743DCDC3-4636-1FE8-2115-D264B2613E4A}.Release|Any CPU.Build.0 = Release|Any CPU
		{4C7FA84C-C6AF-99D3-ACE7-986A9D28B722}.Debug|Any CPU.ActiveCfg = Debug|Any CPU
		{4C7FA84C-C6AF-99D3-ACE7-986A9D28B722}.Debug|Any CPU.Build.0 = Debug|Any CPU
		{4C7FA84C-C6AF-99D3-ACE7-986A9D28B722}.Release|Any CPU.ActiveCfg = Release|Any CPU
		{4C7FA84C-C6AF-99D3-ACE7-986A9D28B722}.Release|Any CPU.Build.0 = Release|Any CPU
		{0B9F3831-ABD8-6D00-CDD2-02B79DF97D9D}.Debug|Any CPU.ActiveCfg = Debug|Any CPU
		{0B9F3831-ABD8-6D00-CDD2-02B79DF97D9D}.Debug|Any CPU.Build.0 = Debug|Any CPU
		{0B9F3831-ABD8-6D00-CDD2-02B79DF97D9D}.Release|Any CPU.ActiveCfg = Release|Any CPU
		{0B9F3831-ABD8-6D00-CDD2-02B79DF97D9D}.Release|Any CPU.Build.0 = Release|Any CPU
		{BA918ABB-4CF7-D502-47F1-35A42ACE3AFC}.Debug|Any CPU.ActiveCfg = Debug|Any CPU
		{BA918ABB-4CF7-D502-47F1-35A42ACE3AFC}.Debug|Any CPU.Build.0 = Debug|Any CPU
		{BA918ABB-4CF7-D502-47F1-35A42ACE3AFC}.Release|Any CPU.ActiveCfg = Release|Any CPU
		{BA918ABB-4CF7-D502-47F1-35A42ACE3AFC}.Release|Any CPU.Build.0 = Release|Any CPU
		{2B0FBF43-9402-B4EB-4B86-FC75D76B4ACE}.Debug|Any CPU.ActiveCfg = Debug|Any CPU
		{2B0FBF43-9402-B4EB-4B86-FC75D76B4ACE}.Debug|Any CPU.Build.0 = Debug|Any CPU
		{2B0FBF43-9402-B4EB-4B86-FC75D76B4ACE}.Release|Any CPU.ActiveCfg = Release|Any CPU
		{2B0FBF43-9402-B4EB-4B86-FC75D76B4ACE}.Release|Any CPU.Build.0 = Release|Any CPU
		{335D8299-B507-28D4-2D97-29F203E0CCCE}.Debug|Any CPU.ActiveCfg = Debug|Any CPU
		{335D8299-B507-28D4-2D97-29F203E0CCCE}.Debug|Any CPU.Build.0 = Debug|Any CPU
		{335D8299-B507-28D4-2D97-29F203E0CCCE}.Release|Any CPU.ActiveCfg = Release|Any CPU
		{335D8299-B507-28D4-2D97-29F203E0CCCE}.Release|Any CPU.Build.0 = Release|Any CPU
		{05731E45-C286-B1D8-E0CA-09B7398BE015}.Debug|Any CPU.ActiveCfg = Debug|Any CPU
		{05731E45-C286-B1D8-E0CA-09B7398BE015}.Debug|Any CPU.Build.0 = Debug|Any CPU
		{05731E45-C286-B1D8-E0CA-09B7398BE015}.Release|Any CPU.ActiveCfg = Release|Any CPU
		{05731E45-C286-B1D8-E0CA-09B7398BE015}.Release|Any CPU.Build.0 = Release|Any CPU
		{43F10FDC-7FBB-37C8-5DDD-F42D2F1520F3}.Debug|Any CPU.ActiveCfg = Debug|Any CPU
		{43F10FDC-7FBB-37C8-5DDD-F42D2F1520F3}.Debug|Any CPU.Build.0 = Debug|Any CPU
		{43F10FDC-7FBB-37C8-5DDD-F42D2F1520F3}.Release|Any CPU.ActiveCfg = Release|Any CPU
		{43F10FDC-7FBB-37C8-5DDD-F42D2F1520F3}.Release|Any CPU.Build.0 = Release|Any CPU
		{414E3A6A-3F2A-5682-CDF3-33AD5812D6B5}.Debug|Any CPU.ActiveCfg = Debug|Any CPU
		{414E3A6A-3F2A-5682-CDF3-33AD5812D6B5}.Debug|Any CPU.Build.0 = Debug|Any CPU
		{414E3A6A-3F2A-5682-CDF3-33AD5812D6B5}.Release|Any CPU.ActiveCfg = Release|Any CPU
		{414E3A6A-3F2A-5682-CDF3-33AD5812D6B5}.Release|Any CPU.Build.0 = Release|Any CPU
		{6756F257-4D05-EEDC-1047-A178B37A8F70}.Debug|Any CPU.ActiveCfg = Debug|Any CPU
		{6756F257-4D05-EEDC-1047-A178B37A8F70}.Debug|Any CPU.Build.0 = Debug|Any CPU
		{6756F257-4D05-EEDC-1047-A178B37A8F70}.Release|Any CPU.ActiveCfg = Release|Any CPU
		{6756F257-4D05-EEDC-1047-A178B37A8F70}.Release|Any CPU.Build.0 = Release|Any CPU
		{87A32A58-051B-7338-0A8C-3CEFF1F94E4E}.Debug|Any CPU.ActiveCfg = Debug|Any CPU
		{87A32A58-051B-7338-0A8C-3CEFF1F94E4E}.Debug|Any CPU.Build.0 = Debug|Any CPU
		{87A32A58-051B-7338-0A8C-3CEFF1F94E4E}.Release|Any CPU.ActiveCfg = Release|Any CPU
		{87A32A58-051B-7338-0A8C-3CEFF1F94E4E}.Release|Any CPU.Build.0 = Release|Any CPU
		{FEADEFC7-A55A-6859-8242-108502EA3786}.Debug|Any CPU.ActiveCfg = Debug|Any CPU
		{FEADEFC7-A55A-6859-8242-108502EA3786}.Debug|Any CPU.Build.0 = Debug|Any CPU
		{FEADEFC7-A55A-6859-8242-108502EA3786}.Release|Any CPU.ActiveCfg = Release|Any CPU
		{FEADEFC7-A55A-6859-8242-108502EA3786}.Release|Any CPU.Build.0 = Release|Any CPU
		{0DEF891F-EB10-4C81-A56B-AF954B9B3A96}.Debug|Any CPU.ActiveCfg = Debug|Any CPU
		{0DEF891F-EB10-4C81-A56B-AF954B9B3A96}.Debug|Any CPU.Build.0 = Debug|Any CPU
		{0DEF891F-EB10-4C81-A56B-AF954B9B3A96}.Release|Any CPU.ActiveCfg = Release|Any CPU
		{0DEF891F-EB10-4C81-A56B-AF954B9B3A96}.Release|Any CPU.Build.0 = Release|Any CPU
		{F48F0701-E9EC-EB0C-CB87-9C86A9BE75E1}.Debug|Any CPU.ActiveCfg = Debug|Any CPU
		{F48F0701-E9EC-EB0C-CB87-9C86A9BE75E1}.Debug|Any CPU.Build.0 = Debug|Any CPU
		{F48F0701-E9EC-EB0C-CB87-9C86A9BE75E1}.Release|Any CPU.ActiveCfg = Release|Any CPU
		{F48F0701-E9EC-EB0C-CB87-9C86A9BE75E1}.Release|Any CPU.Build.0 = Release|Any CPU
		{31FD7380-FF72-284C-EF7C-49912130A578}.Debug|Any CPU.ActiveCfg = Debug|Any CPU
		{31FD7380-FF72-284C-EF7C-49912130A578}.Debug|Any CPU.Build.0 = Debug|Any CPU
		{31FD7380-FF72-284C-EF7C-49912130A578}.Release|Any CPU.ActiveCfg = Release|Any CPU
		{31FD7380-FF72-284C-EF7C-49912130A578}.Release|Any CPU.Build.0 = Release|Any CPU
		{96151770-8220-2DBD-1361-44734CBA17E4}.Debug|Any CPU.ActiveCfg = Debug|Any CPU
		{96151770-8220-2DBD-1361-44734CBA17E4}.Debug|Any CPU.Build.0 = Debug|Any CPU
		{96151770-8220-2DBD-1361-44734CBA17E4}.Release|Any CPU.ActiveCfg = Release|Any CPU
		{96151770-8220-2DBD-1361-44734CBA17E4}.Release|Any CPU.Build.0 = Release|Any CPU
		{49D62A57-577A-8134-E092-920093643DE0}.Debug|Any CPU.ActiveCfg = Debug|Any CPU
		{49D62A57-577A-8134-E092-920093643DE0}.Debug|Any CPU.Build.0 = Debug|Any CPU
		{49D62A57-577A-8134-E092-920093643DE0}.Release|Any CPU.ActiveCfg = Release|Any CPU
		{49D62A57-577A-8134-E092-920093643DE0}.Release|Any CPU.Build.0 = Release|Any CPU
		{FF8A55EF-1339-8317-2CF7-267B00AC0D4F}.Debug|Any CPU.ActiveCfg = Debug|Any CPU
		{FF8A55EF-1339-8317-2CF7-267B00AC0D4F}.Debug|Any CPU.Build.0 = Debug|Any CPU
		{FF8A55EF-1339-8317-2CF7-267B00AC0D4F}.Release|Any CPU.ActiveCfg = Release|Any CPU
		{FF8A55EF-1339-8317-2CF7-267B00AC0D4F}.Release|Any CPU.Build.0 = Release|Any CPU
		{FFD2C847-7528-BFEB-0323-C652D6D4EBA9}.Debug|Any CPU.ActiveCfg = Debug|Any CPU
		{FFD2C847-7528-BFEB-0323-C652D6D4EBA9}.Debug|Any CPU.Build.0 = Debug|Any CPU
		{FFD2C847-7528-BFEB-0323-C652D6D4EBA9}.Release|Any CPU.ActiveCfg = Release|Any CPU
		{FFD2C847-7528-BFEB-0323-C652D6D4EBA9}.Release|Any CPU.Build.0 = Release|Any CPU
		{92CFF85E-D9A8-9787-B421-CC90DE987A61}.Debug|Any CPU.ActiveCfg = Debug|Any CPU
		{92CFF85E-D9A8-9787-B421-CC90DE987A61}.Debug|Any CPU.Build.0 = Debug|Any CPU
		{92CFF85E-D9A8-9787-B421-CC90DE987A61}.Release|Any CPU.ActiveCfg = Release|Any CPU
		{92CFF85E-D9A8-9787-B421-CC90DE987A61}.Release|Any CPU.Build.0 = Release|Any CPU
		{D43EB72B-4087-0F63-7F75-DC029D696415}.Debug|Any CPU.ActiveCfg = Debug|Any CPU
		{D43EB72B-4087-0F63-7F75-DC029D696415}.Debug|Any CPU.Build.0 = Debug|Any CPU
		{D43EB72B-4087-0F63-7F75-DC029D696415}.Release|Any CPU.ActiveCfg = Release|Any CPU
		{D43EB72B-4087-0F63-7F75-DC029D696415}.Release|Any CPU.Build.0 = Release|Any CPU
		{DAF3BCB7-F236-1F26-87AF-A332B84B5F9F}.Debug|Any CPU.ActiveCfg = Debug|Any CPU
		{DAF3BCB7-F236-1F26-87AF-A332B84B5F9F}.Debug|Any CPU.Build.0 = Debug|Any CPU
		{DAF3BCB7-F236-1F26-87AF-A332B84B5F9F}.Release|Any CPU.ActiveCfg = Release|Any CPU
		{DAF3BCB7-F236-1F26-87AF-A332B84B5F9F}.Release|Any CPU.Build.0 = Release|Any CPU
		{CDF4D7FF-47F4-B34D-239D-D500B7BD2718}.Debug|Any CPU.ActiveCfg = Debug|Any CPU
		{CDF4D7FF-47F4-B34D-239D-D500B7BD2718}.Debug|Any CPU.Build.0 = Debug|Any CPU
		{CDF4D7FF-47F4-B34D-239D-D500B7BD2718}.Release|Any CPU.ActiveCfg = Release|Any CPU
		{CDF4D7FF-47F4-B34D-239D-D500B7BD2718}.Release|Any CPU.Build.0 = Release|Any CPU
		{31FE67FA-D8E1-65EB-77BD-5A72893F4991}.Debug|Any CPU.ActiveCfg = Debug|Any CPU
		{31FE67FA-D8E1-65EB-77BD-5A72893F4991}.Debug|Any CPU.Build.0 = Debug|Any CPU
		{31FE67FA-D8E1-65EB-77BD-5A72893F4991}.Release|Any CPU.ActiveCfg = Release|Any CPU
		{31FE67FA-D8E1-65EB-77BD-5A72893F4991}.Release|Any CPU.Build.0 = Release|Any CPU
		{0FD14DD3-0CCA-1314-2B7E-D1DBFCED7C73}.Debug|Any CPU.ActiveCfg = Debug|Any CPU
		{0FD14DD3-0CCA-1314-2B7E-D1DBFCED7C73}.Debug|Any CPU.Build.0 = Debug|Any CPU
		{0FD14DD3-0CCA-1314-2B7E-D1DBFCED7C73}.Release|Any CPU.ActiveCfg = Release|Any CPU
		{0FD14DD3-0CCA-1314-2B7E-D1DBFCED7C73}.Release|Any CPU.Build.0 = Release|Any CPU
		{D39E55FE-27A0-C2C9-EEBE-40DC6BDB4E80}.Debug|Any CPU.ActiveCfg = Debug|Any CPU
		{D39E55FE-27A0-C2C9-EEBE-40DC6BDB4E80}.Debug|Any CPU.Build.0 = Debug|Any CPU
		{D39E55FE-27A0-C2C9-EEBE-40DC6BDB4E80}.Release|Any CPU.ActiveCfg = Release|Any CPU
		{D39E55FE-27A0-C2C9-EEBE-40DC6BDB4E80}.Release|Any CPU.Build.0 = Release|Any CPU
		{1224CB02-D4C4-E95D-206F-22AF964E3F22}.Debug|Any CPU.ActiveCfg = Debug|Any CPU
		{1224CB02-D4C4-E95D-206F-22AF964E3F22}.Debug|Any CPU.Build.0 = Debug|Any CPU
		{1224CB02-D4C4-E95D-206F-22AF964E3F22}.Release|Any CPU.ActiveCfg = Release|Any CPU
		{1224CB02-D4C4-E95D-206F-22AF964E3F22}.Release|Any CPU.Build.0 = Release|Any CPU
	EndGlobalSection
	GlobalSection(SolutionProperties) = preSolution
		HideSolutionNode = FALSE
	EndGlobalSection
EndGlobal
